{
  "name": "netlify-test",
  "version": "1.0.0",
  "lockfileVersion": 3,
  "requires": true,
  "packages": {
    "": {
      "name": "netlify-test",
      "version": "1.0.0",
      "license": "ISC",
      "dependencies": {
        "formidable": "^3.5.1",
        "lambda-multipart": "^1.0.2"
      }
    },
    "node_modules/asap": {
      "version": "2.0.6",
      "resolved": "https://registry.npmjs.org/asap/-/asap-2.0.6.tgz",
      "integrity": "sha512-BSHWgDSAiKs50o2Re8ppvp3seVHXSRM44cdSsT9FfNEUUZLOGWVCsiWaRPWM1Znn+mqZ1OfVZ3z3DWEzSp7hRA=="
    },
    "node_modules/b64": {
      "version": "4.1.2",
      "resolved": "https://registry.npmjs.org/b64/-/b64-4.1.2.tgz",
      "integrity": "sha512-+GUspBxlH3CJaxMUGUE1EBoWM6RKgWiYwUDal0qdf8m3ArnXNN1KzKVo5HOnE/FSq4HHyWf3TlHLsZI8PKQgrQ==",
      "deprecated": "This module has moved and is now available at @hapi/b64. Please update your dependencies as this version is no longer maintained an may contain bugs and security issues.",
      "dependencies": {
        "hoek": "6.x.x"
      }
    },
    "node_modules/boom": {
      "version": "7.3.0",
      "resolved": "https://registry.npmjs.org/boom/-/boom-7.3.0.tgz",
      "integrity": "sha512-Swpoyi2t5+GhOEGw8rEsKvTxFLIDiiKoUc2gsoV6Lyr43LHBIzch3k2MvYUs8RTROrIkVJ3Al0TkaOGjnb+B6A==",
      "deprecated": "This module has moved and is now available at @hapi/boom. Please update your dependencies as this version is no longer maintained an may contain bugs and security issues.",
      "dependencies": {
        "hoek": "6.x.x"
      }
    },
    "node_modules/content": {
      "version": "4.0.6",
      "resolved": "https://registry.npmjs.org/content/-/content-4.0.6.tgz",
      "integrity": "sha512-lR9ND3dXiMdmsE84K6l02rMdgiBVmtYWu1Vr/gfSGHcIcznBj2QxmSdUgDuNFOA+G9yrb1IIWkZ7aKtB6hDGyA==",
      "deprecated": "This module has moved and is now available at @hapi/content. Please update your dependencies as this version is no longer maintained an may contain bugs and security issues.",
      "dependencies": {
        "boom": "7.x.x"
      }
    },
    "node_modules/dezalgo": {
      "version": "1.0.4",
      "resolved": "https://registry.npmjs.org/dezalgo/-/dezalgo-1.0.4.tgz",
      "integrity": "sha512-rXSP0bf+5n0Qonsb+SVVfNfIsimO4HEtmnIpPHY8Q1UCzKlQrDMfdobr8nJOOsRgWCyMRqeSBQzmWUMq7zvVig==",
      "dependencies": {
        "asap": "^2.0.0",
        "wrappy": "1"
      }
    },
    "node_modules/formidable": {
      "version": "3.5.1",
      "resolved": "https://registry.npmjs.org/formidable/-/formidable-3.5.1.tgz",
      "integrity": "sha512-WJWKelbRHN41m5dumb0/k8TeAx7Id/y3a+Z7QfhxP/htI9Js5zYaEDtG8uMgG0vM0lOlqnmjE99/kfpOYi/0Og==",
      "dependencies": {
        "dezalgo": "^1.0.4",
        "hexoid": "^1.0.0",
        "once": "^1.4.0"
      },
      "funding": {
        "url": "https://ko-fi.com/tunnckoCore/commissions"
      }
    },
    "node_modules/hexoid": {
      "version": "1.0.0",
      "resolved": "https://registry.npmjs.org/hexoid/-/hexoid-1.0.0.tgz",
      "integrity": "sha512-QFLV0taWQOZtvIRIAdBChesmogZrtuXvVWsFHZTk2SU+anspqZ2vMnoLg7IE1+Uk16N19APic1BuF8bC8c2m5g==",
      "engines": {
        "node": ">=8"
      }
    },
    "node_modules/hoek": {
      "version": "6.1.3",
      "resolved": "https://registry.npmjs.org/hoek/-/hoek-6.1.3.tgz",
      "integrity": "sha512-YXXAAhmF9zpQbC7LEcREFtXfGq5K1fmd+4PHkBq8NUqmzW3G+Dq10bI/i0KucLRwss3YYFQ0fSfoxBZYiGUqtQ==",
      "deprecated": "This module has moved and is now available at @hapi/hoek. Please update your dependencies as this version is no longer maintained an may contain bugs and security issues."
    },
    "node_modules/lambda-multipart": {
      "version": "1.0.2",
      "resolved": "https://registry.npmjs.org/lambda-multipart/-/lambda-multipart-1.0.2.tgz",
      "integrity": "sha512-rMx4GmrElkU6WrJuqcZ2K4zEOa5wf1B8EjBrqudIsksMp4VldR0mzAoABUu+xQWquPoVSzM4vFRnLE09hVhbuA==",
      "dependencies": {
        "pez": "^4.0.1"
      }
    },
    "node_modules/nigel": {
      "version": "3.0.4",
      "resolved": "https://registry.npmjs.org/nigel/-/nigel-3.0.4.tgz",
      "integrity": "sha512-3SZCCS/duVDGxFpTROHEieC+itDo4UqL9JNUyQJv3rljudQbK6aqus5B4470OxhESPJLN93Qqxg16rH7DUjbfQ==",
      "deprecated": "This module has moved and is now available at @hapi/nigel. Please update your dependencies as this version is no longer maintained an may contain bugs and security issues.",
      "dependencies": {
        "hoek": "6.x.x",
        "vise": "3.x.x"
      }
    },
    "node_modules/once": {
      "version": "1.4.0",
      "resolved": "https://registry.npmjs.org/once/-/once-1.4.0.tgz",
      "integrity": "sha512-lNaJgI+2Q5URQBkccEKHTQOPaXdUxnZZElQTZY0MFUAuaEqe1E+Nyvgdz/aIyNi6Z9MzO5dv1H8n58/GELp3+w==",
      "dependencies": {
        "wrappy": "1"
      }
    },
    "node_modules/pez": {
      "version": "4.0.5",
      "resolved": "https://registry.npmjs.org/pez/-/pez-4.0.5.tgz",
      "integrity": "sha512-HvL8uiFIlkXbx/qw4B8jKDCWzo7Pnnd65Uvanf9OOCtb20MRcb9gtTVBf9NCnhETif1/nzbDHIjAWC/sUp7LIQ==",
      "deprecated": "This module has moved and is now available at @hapi/pez. Please update your dependencies as this version is no longer maintained an may contain bugs and security issues.",
      "dependencies": {
        "b64": "4.x.x",
        "boom": "7.x.x",
        "content": "4.x.x",
        "hoek": "6.x.x",
        "nigel": "3.x.x"
      }
    },
    "node_modules/vise": {
      "version": "3.0.2",
      "resolved": "https://registry.npmjs.org/vise/-/vise-3.0.2.tgz",
      "integrity": "sha512-X52VtdRQbSBXdjcazRiY3eRgV3vTQ0B+7Wh8uC9cVv7lKfML5m9+9NHlbcgCY0R9EAqD1v/v7o9mhGh2A3ANFg==",
      "deprecated": "This module has moved and is now available at @hapi/vise. Please update your dependencies as this version is no longer maintained an may contain bugs and security issues.",
      "dependencies": {
        "hoek": "6.x.x"
      }
    },
    "node_modules/wrappy": {
      "version": "1.0.2",
      "resolved": "https://registry.npmjs.org/wrappy/-/wrappy-1.0.2.tgz",
      "integrity": "sha512-l4Sp/DRseor9wL6EvV2+TuQn63dMkPjZ/sp9XkghTEbV9KlPS1xUsZ3u7/IQO4wxtcFB4bgpQPRcR3QCvezPcQ=="
    }
  }
}
